
Microsoft Visual Studio Solution File, Format Version 12.00
# Visual Studio 15
VisualStudioVersion = 15.0.27130.2026
MinimumVisualStudioVersion = 10.0.40219.1
Project("{FAE04EC0-301F-11D3-BF4B-00C04F79EFBC}") = "Vista", "Vista\Vista.csproj", "{6315F9E5-C2FD-4319-AE0D-8E2A10C98CD4}"
EndProject
Project("{FAE04EC0-301F-11D3-BF4B-00C04F79EFBC}") = "datos", "datos\datos.csproj", "{FC663B4F-4D83-4A20-BFDE-C008EB55007B}"
EndProject
Global
	GlobalSection(SolutionConfigurationPlatforms) = preSolution
		Debug|Any CPU = Debug|Any CPU
		Release|Any CPU = Release|Any CPU
	EndGlobalSection
	GlobalSection(ProjectConfigurationPlatforms) = postSolution
		{6315F9E5-C2FD-4319-AE0D-8E2A10C98CD4}.Debug|Any CPU.ActiveCfg = Debug|Any CPU
		{6315F9E5-C2FD-4319-AE0D-8E2A10C98CD4}.Debug|Any CPU.Build.0 = Debug|Any CPU
		{6315F9E5-C2FD-4319-AE0D-8E2A10C98CD4}.Release|Any CPU.ActiveCfg = Release|Any CPU
		{6315F9E5-C2FD-4319-AE0D-8E2A10C98CD4}.Release|Any CPU.Build.0 = Release|Any CPU
		{FC663B4F-4D83-4A20-BFDE-C008EB55007B}.Debug|Any CPU.ActiveCfg = Debug|Any CPU
		{FC663B4F-4D83-4A20-BFDE-C008EB55007B}.Debug|Any CPU.Build.0 = Debug|Any CPU
		{FC663B4F-4D83-4A20-BFDE-C008EB55007B}.Release|Any CPU.ActiveCfg = Release|Any CPU
		{FC663B4F-4D83-4A20-BFDE-C008EB55007B}.Release|Any CPU.Build.0 = Release|Any CPU
	EndGlobalSection
	GlobalSection(SolutionProperties) = preSolution
		HideSolutionNode = FALSE
	EndGlobalSection
	GlobalSection(ExtensibilityGlobals) = postSolution
		SolutionGuid = {88A23BFF-E727-4E31-954C-CD80E2B01A64}
	EndGlobalSection
EndGlobal
